{
  "name": "npm-v9",
  "lockfileVersion": 3,
  "requires": true,
  "packages": {
    "": {
      "name": "npm-v9",
      "workspaces": [
        "apps/*"
      ]
    },
    "apps/app1": {
      "name": "@repo/app1",
      "dependencies": {
        "@org/a_b": "^0.0.1"
      }
    },
    "apps/app2": {
      "name": "@repo/app2",
      "dependencies": {
        "@org/a_b": "~0.1.0"
      }
    },
    "apps/app2/node_modules/@org/a_b": {
      "version": "0.1.3",
      "resolved": "http://localhost:4873/@org/a_b/-/a_b-0.1.3.tgz",
      "integrity": "sha512-9zc57kXr7au1YNXjegnLwbm350lAFMNVPcGooO5yOXuAbxmsYhquM5ZKbtQw6O2wge4n9agKgSHHKqIPNkBc/Q==",
      "dependencies": {
        "@org/a": "~0.1.1"
      }
    },
    "apps/app3": {
      "dependencies": {
        "@org/a_b": "~0.0.1"
      }
    },
    "node_modules/@org/a": {
      "version": "0.1.3",
      "resolved": "http://localhost:4873/@org/a/-/a-0.1.3.tgz",
      "integrity": "sha512-TvywqJbQW3bfCzXVmFxLAbmQrIiPXVYG2Y16/HYvKw4bj91ir4ZkOWquv15M6QbUPTfroAInwdDgI20Y+mPNzw=="
    },
    "node_modules/@org/a_b": {
      "version": "0.0.1",
      "resolved": "http://localhost:4873/@org/a_b/-/a_b-0.0.1.tgz",
      "integrity": "sha512-zzzb6zG97g7WEijQamQ4gl+XxhszEehwCet3y2fyWSkIkQ3Kw1AONyrUzxHkvMVm4Daa4ig/+RJtLOLa8aK0rQ==",
      "dependencies": {
        "@org/a": "0.0.1"
      }
    },
    "node_modules/@org/a_b/node_modules/@org/a": {
      "version": "0.0.1",
      "resolved": "http://localhost:4873/@org/a/-/a-0.0.1.tgz",
      "integrity": "sha512-lCH86jVIA3BzLtnEj95gj8HPqCBSRuXQHvPTtX9/G2DJQeU3o6Dsbgyqz9hUjq8PWV1fSoOexSRpcAwgRnbhLw=="
    },
    "node_modules/@repo/app1": {
      "resolved": "apps/app1",
      "link": true
    },
    "node_modules/@repo/app2": {
      "resolved": "apps/app2",
      "link": true
    },
    "node_modules/@repo/app3": {
      "resolved": "apps/app3",
      "link": true
    }
  }
}
